
Microsoft Visual Studio Solution File, Format Version 12.00
# Visual Studio Version 17
VisualStudioVersion = 17.11.35327.3
MinimumVisualStudioVersion = 10.0.40219.1
Project("{FAE04EC0-301F-11D3-BF4B-00C04F79EFBC}") = "ZayShop", "ZayShop\ZayShop.csproj", "{FBFFBC54-A83A-4C5A-9638-5E09F4C43671}"
EndProject
Global
	GlobalSection(SolutionConfigurationPlatforms) = preSolution
		Debug|Any CPU = Debug|Any CPU
		Release|Any CPU = Release|Any CPU
	EndGlobalSection
	GlobalSection(ProjectConfigurationPlatforms) = postSolution
		{FBFFBC54-A83A-4C5A-9638-5E09F4C43671}.Debug|Any CPU.ActiveCfg = Debug|Any CPU
		{FBFFBC54-A83A-4C5A-9638-5E09F4C43671}.Debug|Any CPU.Build.0 = Debug|Any CPU
		{FBFFBC54-A83A-4C5A-9638-5E09F4C43671}.Release|Any CPU.ActiveCfg = Release|Any CPU
		{FBFFBC54-A83A-4C5A-9638-5E09F4C43671}.Release|Any CPU.Build.0 = Release|Any CPU
	EndGlobalSection
	GlobalSection(SolutionProperties) = preSolution
		HideSolutionNode = FALSE
	EndGlobalSection
	GlobalSection(ExtensibilityGlobals) = postSolution
		SolutionGuid = {238EF884-5489-46DD-AB2A-FBBD5AA7F23C}
	EndGlobalSection
EndGlobal
